// !$*UTF8*$!
{
	archiveVersion = 1;
	classes = {
	};
	objectVersion = 48;
	objects = {

/* Begin PBXBuildFile section */
		5B76E12CEE14830EC65D5F8D /* Pods_DiscoverAVenueUITests.framework in Frameworks */ = {isa = PBXBuildFile; fileRef = 31606DE01F85E1FC02A38963 /* Pods_DiscoverAVenueUITests.framework */; };
		9CB7572DCF55606721DBC307 /* Pods_DiscoverAVenueTests.framework in Frameworks */ = {isa = PBXBuildFile; fileRef = 2A4DB063F45C7583FD74D777 /* Pods_DiscoverAVenueTests.framework */; };
		A7D178A6BCE60914A2483BD5 /* Pods_DiscoverAVenue.framework in Frameworks */ = {isa = PBXBuildFile; fileRef = 053ED8BE4EF58421ED0E6180 /* Pods_DiscoverAVenue.framework */; };
		CF3CC26A200E99DC00F93B83 /* AppDelegate.swift in Sources */ = {isa = PBXBuildFile; fileRef = CF3CC269200E99DC00F93B83 /* AppDelegate.swift */; };
		CF3CC271200E99DC00F93B83 /* Assets.xcassets in Resources */ = {isa = PBXBuildFile; fileRef = CF3CC270200E99DC00F93B83 /* Assets.xcassets */; };
		CF3CC274200E99DC00F93B83 /* LaunchScreen.storyboard in Resources */ = {isa = PBXBuildFile; fileRef = CF3CC272200E99DC00F93B83 /* LaunchScreen.storyboard */; };
		CF3CC27F200E99DC00F93B83 /* DiscoverAVenueTests.swift in Sources */ = {isa = PBXBuildFile; fileRef = CF3CC27E200E99DC00F93B83 /* DiscoverAVenueTests.swift */; };
		CF3CC28A200E99DC00F93B83 /* DiscoverAVenueUITests.swift in Sources */ = {isa = PBXBuildFile; fileRef = CF3CC289200E99DC00F93B83 /* DiscoverAVenueUITests.swift */; };
		DBB305D520114A5100CDF2FE /* MapViewController.swift in Sources */ = {isa = PBXBuildFile; fileRef = DBB305D420114A5100CDF2FE /* MapViewController.swift */; };
		DBB305D720114A7000CDF2FE /* UserCreatedCollectionsViewController.swift in Sources */ = {isa = PBXBuildFile; fileRef = DBB305D620114A7000CDF2FE /* UserCreatedCollectionsViewController.swift */; };
		DBB305DA20114BBD00CDF2FE /* MapView.swift in Sources */ = {isa = PBXBuildFile; fileRef = DBB305D920114BBD00CDF2FE /* MapView.swift */; };
		DBB305DC20114C0700CDF2FE /* VenueCollectionViewCell.swift in Sources */ = {isa = PBXBuildFile; fileRef = DBB305DB20114C0700CDF2FE /* VenueCollectionViewCell.swift */; };
		DBB305DE20114DB300CDF2FE /* Venue.swift in Sources */ = {isa = PBXBuildFile; fileRef = DBB305DD20114DB300CDF2FE /* Venue.swift */; };
		DBB305E020114DD000CDF2FE /* VenueAPIClient.swift in Sources */ = {isa = PBXBuildFile; fileRef = DBB305DF20114DD000CDF2FE /* VenueAPIClient.swift */; };
		DBB305E220114DDF00CDF2FE /* NetworkHelper.swift in Sources */ = {isa = PBXBuildFile; fileRef = DBB305E120114DDF00CDF2FE /* NetworkHelper.swift */; };
		DBB305E8201154F300CDF2FE /* SearchResultsTableViewController.swift in Sources */ = {isa = PBXBuildFile; fileRef = DBB305E7201154F300CDF2FE /* SearchResultsTableViewController.swift */; };
		DBB305EA201156A100CDF2FE /* SearchResultsTableView.swift in Sources */ = {isa = PBXBuildFile; fileRef = DBB305E9201156A100CDF2FE /* SearchResultsTableView.swift */; };
		DBB305EC201156EE00CDF2FE /* VenueTableViewCell.swift in Sources */ = {isa = PBXBuildFile; fileRef = DBB305EB201156EE00CDF2FE /* VenueTableViewCell.swift */; };
		DBB305EE201157C600CDF2FE /* UserCreatedCollectionsView.swift in Sources */ = {isa = PBXBuildFile; fileRef = DBB305ED201157C600CDF2FE /* UserCreatedCollectionsView.swift */; };
		DBB305F020115A6500CDF2FE /* SearchResultDetailViewController.swift in Sources */ = {isa = PBXBuildFile; fileRef = DBB305EF20115A6500CDF2FE /* SearchResultDetailViewController.swift */; };
		DBB305F220115A7700CDF2FE /* SearchResultDetailView.swift in Sources */ = {isa = PBXBuildFile; fileRef = DBB305F120115A7700CDF2FE /* SearchResultDetailView.swift */; };
		DBB305F420115DC100CDF2FE /* AddVenueViewController.swift in Sources */ = {isa = PBXBuildFile; fileRef = DBB305F320115DC100CDF2FE /* AddVenueViewController.swift */; };
		DBB305F620115DDC00CDF2FE /* AddCollectionViewController.swift in Sources */ = {isa = PBXBuildFile; fileRef = DBB305F520115DDC00CDF2FE /* AddCollectionViewController.swift */; };
		DBB305F820115DFB00CDF2FE /* AddVenueView.swift in Sources */ = {isa = PBXBuildFile; fileRef = DBB305F720115DFB00CDF2FE /* AddVenueView.swift */; };
		DBB305FA20115E0D00CDF2FE /* AddCollectionView.swift in Sources */ = {isa = PBXBuildFile; fileRef = DBB305F920115E0D00CDF2FE /* AddCollectionView.swift */; };
		DBC0F5EE2012DD87003B19AC /* CollectionsCustomCollectionViewCell.swift in Sources */ = {isa = PBXBuildFile; fileRef = DBC0F5ED2012DD87003B19AC /* CollectionsCustomCollectionViewCell.swift */; };
/* End PBXBuildFile section */

/* Begin PBXContainerItemProxy section */
		CF3CC27B200E99DC00F93B83 /* PBXContainerItemProxy */ = {
			isa = PBXContainerItemProxy;
			containerPortal = CF3CC25E200E99DC00F93B83 /* Project object */;
			proxyType = 1;
			remoteGlobalIDString = CF3CC265200E99DC00F93B83;
			remoteInfo = DiscoverAVenue;
		};
		CF3CC286200E99DC00F93B83 /* PBXContainerItemProxy */ = {
			isa = PBXContainerItemProxy;
			containerPortal = CF3CC25E200E99DC00F93B83 /* Project object */;
			proxyType = 1;
			remoteGlobalIDString = CF3CC265200E99DC00F93B83;
			remoteInfo = DiscoverAVenue;
		};
/* End PBXContainerItemProxy section */

/* Begin PBXFileReference section */
		034A3C915B5B2AFBDC90F43C /* Pods-DiscoverAVenue.debug.xcconfig */ = {isa = PBXFileReference; includeInIndex = 1; lastKnownFileType = text.xcconfig; name = "Pods-DiscoverAVenue.debug.xcconfig"; path = "Pods/Target Support Files/Pods-DiscoverAVenue/Pods-DiscoverAVenue.debug.xcconfig"; sourceTree = "<group>"; };
		053ED8BE4EF58421ED0E6180 /* Pods_DiscoverAVenue.framework */ = {isa = PBXFileReference; explicitFileType = wrapper.framework; includeInIndex = 0; path = Pods_DiscoverAVenue.framework; sourceTree = BUILT_PRODUCTS_DIR; };
		05E176687F09190D4565726B /* Pods-DiscoverAVenue.release.xcconfig */ = {isa = PBXFileReference; includeInIndex = 1; lastKnownFileType = text.xcconfig; name = "Pods-DiscoverAVenue.release.xcconfig"; path = "Pods/Target Support Files/Pods-DiscoverAVenue/Pods-DiscoverAVenue.release.xcconfig"; sourceTree = "<group>"; };
		08E13512BDFD42119AD47815 /* Pods-DiscoverAVenueTests.release.xcconfig */ = {isa = PBXFileReference; includeInIndex = 1; lastKnownFileType = text.xcconfig; name = "Pods-DiscoverAVenueTests.release.xcconfig"; path = "Pods/Target Support Files/Pods-DiscoverAVenueTests/Pods-DiscoverAVenueTests.release.xcconfig"; sourceTree = "<group>"; };
		2A4DB063F45C7583FD74D777 /* Pods_DiscoverAVenueTests.framework */ = {isa = PBXFileReference; explicitFileType = wrapper.framework; includeInIndex = 0; path = Pods_DiscoverAVenueTests.framework; sourceTree = BUILT_PRODUCTS_DIR; };
		31606DE01F85E1FC02A38963 /* Pods_DiscoverAVenueUITests.framework */ = {isa = PBXFileReference; explicitFileType = wrapper.framework; includeInIndex = 0; path = Pods_DiscoverAVenueUITests.framework; sourceTree = BUILT_PRODUCTS_DIR; };
		31D2AABFF9F369E6083F0210 /* Pods-DiscoverAVenueTests.debug.xcconfig */ = {isa = PBXFileReference; includeInIndex = 1; lastKnownFileType = text.xcconfig; name = "Pods-DiscoverAVenueTests.debug.xcconfig"; path = "Pods/Target Support Files/Pods-DiscoverAVenueTests/Pods-DiscoverAVenueTests.debug.xcconfig"; sourceTree = "<group>"; };
		527F56A0C250A1E5669B07D1 /* Pods-DiscoverAVenueUITests.release.xcconfig */ = {isa = PBXFileReference; includeInIndex = 1; lastKnownFileType = text.xcconfig; name = "Pods-DiscoverAVenueUITests.release.xcconfig"; path = "Pods/Target Support Files/Pods-DiscoverAVenueUITests/Pods-DiscoverAVenueUITests.release.xcconfig"; sourceTree = "<group>"; };
		9A3D286A2D596CE34051422D /* Pods-DiscoverAVenueUITests.debug.xcconfig */ = {isa = PBXFileReference; includeInIndex = 1; lastKnownFileType = text.xcconfig; name = "Pods-DiscoverAVenueUITests.debug.xcconfig"; path = "Pods/Target Support Files/Pods-DiscoverAVenueUITests/Pods-DiscoverAVenueUITests.debug.xcconfig"; sourceTree = "<group>"; };
		CF3CC266200E99DC00F93B83 /* DiscoverAVenue.app */ = {isa = PBXFileReference; explicitFileType = wrapper.application; includeInIndex = 0; path = DiscoverAVenue.app; sourceTree = BUILT_PRODUCTS_DIR; };
		CF3CC269200E99DC00F93B83 /* AppDelegate.swift */ = {isa = PBXFileReference; lastKnownFileType = sourcecode.swift; path = AppDelegate.swift; sourceTree = "<group>"; };
		CF3CC270200E99DC00F93B83 /* Assets.xcassets */ = {isa = PBXFileReference; lastKnownFileType = folder.assetcatalog; path = Assets.xcassets; sourceTree = "<group>"; };
		CF3CC273200E99DC00F93B83 /* Base */ = {isa = PBXFileReference; lastKnownFileType = file.storyboard; name = Base; path = Base.lproj/LaunchScreen.storyboard; sourceTree = "<group>"; };
		CF3CC275200E99DC00F93B83 /* Info.plist */ = {isa = PBXFileReference; lastKnownFileType = text.plist.xml; path = Info.plist; sourceTree = "<group>"; };
		CF3CC27A200E99DC00F93B83 /* DiscoverAVenueTests.xctest */ = {isa = PBXFileReference; explicitFileType = wrapper.cfbundle; includeInIndex = 0; path = DiscoverAVenueTests.xctest; sourceTree = BUILT_PRODUCTS_DIR; };
		CF3CC27E200E99DC00F93B83 /* DiscoverAVenueTests.swift */ = {isa = PBXFileReference; lastKnownFileType = sourcecode.swift; path = DiscoverAVenueTests.swift; sourceTree = "<group>"; };
		CF3CC280200E99DC00F93B83 /* Info.plist */ = {isa = PBXFileReference; lastKnownFileType = text.plist.xml; path = Info.plist; sourceTree = "<group>"; };
		CF3CC285200E99DC00F93B83 /* DiscoverAVenueUITests.xctest */ = {isa = PBXFileReference; explicitFileType = wrapper.cfbundle; includeInIndex = 0; path = DiscoverAVenueUITests.xctest; sourceTree = BUILT_PRODUCTS_DIR; };
		CF3CC289200E99DC00F93B83 /* DiscoverAVenueUITests.swift */ = {isa = PBXFileReference; lastKnownFileType = sourcecode.swift; path = DiscoverAVenueUITests.swift; sourceTree = "<group>"; };
		CF3CC28B200E99DC00F93B83 /* Info.plist */ = {isa = PBXFileReference; lastKnownFileType = text.plist.xml; path = Info.plist; sourceTree = "<group>"; };
		DBB305D420114A5100CDF2FE /* MapViewController.swift */ = {isa = PBXFileReference; lastKnownFileType = sourcecode.swift; path = MapViewController.swift; sourceTree = "<group>"; };
		DBB305D620114A7000CDF2FE /* UserCreatedCollectionsViewController.swift */ = {isa = PBXFileReference; lastKnownFileType = sourcecode.swift; path = UserCreatedCollectionsViewController.swift; sourceTree = "<group>"; };
		DBB305D920114BBD00CDF2FE /* MapView.swift */ = {isa = PBXFileReference; lastKnownFileType = sourcecode.swift; path = MapView.swift; sourceTree = "<group>"; };
		DBB305DB20114C0700CDF2FE /* VenueCollectionViewCell.swift */ = {isa = PBXFileReference; lastKnownFileType = sourcecode.swift; path = VenueCollectionViewCell.swift; sourceTree = "<group>"; };
		DBB305DD20114DB300CDF2FE /* Venue.swift */ = {isa = PBXFileReference; lastKnownFileType = sourcecode.swift; path = Venue.swift; sourceTree = "<group>"; };
		DBB305DF20114DD000CDF2FE /* VenueAPIClient.swift */ = {isa = PBXFileReference; lastKnownFileType = sourcecode.swift; path = VenueAPIClient.swift; sourceTree = "<group>"; };
		DBB305E120114DDF00CDF2FE /* NetworkHelper.swift */ = {isa = PBXFileReference; lastKnownFileType = sourcecode.swift; path = NetworkHelper.swift; sourceTree = "<group>"; };
		DBB305E7201154F300CDF2FE /* SearchResultsTableViewController.swift */ = {isa = PBXFileReference; lastKnownFileType = sourcecode.swift; path = SearchResultsTableViewController.swift; sourceTree = "<group>"; };
		DBB305E9201156A100CDF2FE /* SearchResultsTableView.swift */ = {isa = PBXFileReference; lastKnownFileType = sourcecode.swift; path = SearchResultsTableView.swift; sourceTree = "<group>"; };
		DBB305EB201156EE00CDF2FE /* VenueTableViewCell.swift */ = {isa = PBXFileReference; lastKnownFileType = sourcecode.swift; path = VenueTableViewCell.swift; sourceTree = "<group>"; };
		DBB305ED201157C600CDF2FE /* UserCreatedCollectionsView.swift */ = {isa = PBXFileReference; lastKnownFileType = sourcecode.swift; path = UserCreatedCollectionsView.swift; sourceTree = "<group>"; };
		DBB305EF20115A6500CDF2FE /* SearchResultDetailViewController.swift */ = {isa = PBXFileReference; lastKnownFileType = sourcecode.swift; path = SearchResultDetailViewController.swift; sourceTree = "<group>"; };
		DBB305F120115A7700CDF2FE /* SearchResultDetailView.swift */ = {isa = PBXFileReference; lastKnownFileType = sourcecode.swift; path = SearchResultDetailView.swift; sourceTree = "<group>"; };
		DBB305F320115DC100CDF2FE /* AddVenueViewController.swift */ = {isa = PBXFileReference; lastKnownFileType = sourcecode.swift; path = AddVenueViewController.swift; sourceTree = "<group>"; };
		DBB305F520115DDC00CDF2FE /* AddCollectionViewController.swift */ = {isa = PBXFileReference; lastKnownFileType = sourcecode.swift; path = AddCollectionViewController.swift; sourceTree = "<group>"; };
		DBB305F720115DFB00CDF2FE /* AddVenueView.swift */ = {isa = PBXFileReference; lastKnownFileType = sourcecode.swift; path = AddVenueView.swift; sourceTree = "<group>"; };
		DBB305F920115E0D00CDF2FE /* AddCollectionView.swift */ = {isa = PBXFileReference; lastKnownFileType = sourcecode.swift; path = AddCollectionView.swift; sourceTree = "<group>"; };
		DBC0F5ED2012DD87003B19AC /* CollectionsCustomCollectionViewCell.swift */ = {isa = PBXFileReference; lastKnownFileType = sourcecode.swift; path = CollectionsCustomCollectionViewCell.swift; sourceTree = "<group>"; };
/* End PBXFileReference section */

/* Begin PBXFrameworksBuildPhase section */
		CF3CC263200E99DC00F93B83 /* Frameworks */ = {
			isa = PBXFrameworksBuildPhase;
			buildActionMask = 2147483647;
			files = (
				A7D178A6BCE60914A2483BD5 /* Pods_DiscoverAVenue.framework in Frameworks */,
			);
			runOnlyForDeploymentPostprocessing = 0;
		};
		CF3CC277200E99DC00F93B83 /* Frameworks */ = {
			isa = PBXFrameworksBuildPhase;
			buildActionMask = 2147483647;
			files = (
				9CB7572DCF55606721DBC307 /* Pods_DiscoverAVenueTests.framework in Frameworks */,
			);
			runOnlyForDeploymentPostprocessing = 0;
		};
		CF3CC282200E99DC00F93B83 /* Frameworks */ = {
			isa = PBXFrameworksBuildPhase;
			buildActionMask = 2147483647;
			files = (
				5B76E12CEE14830EC65D5F8D /* Pods_DiscoverAVenueUITests.framework in Frameworks */,
			);
			runOnlyForDeploymentPostprocessing = 0;
		};
/* End PBXFrameworksBuildPhase section */

/* Begin PBXGroup section */
		9B76445E7B8D0186E4C1D0D3 /* Pods */ = {
			isa = PBXGroup;
			children = (
				034A3C915B5B2AFBDC90F43C /* Pods-DiscoverAVenue.debug.xcconfig */,
				05E176687F09190D4565726B /* Pods-DiscoverAVenue.release.xcconfig */,
				31D2AABFF9F369E6083F0210 /* Pods-DiscoverAVenueTests.debug.xcconfig */,
				08E13512BDFD42119AD47815 /* Pods-DiscoverAVenueTests.release.xcconfig */,
				9A3D286A2D596CE34051422D /* Pods-DiscoverAVenueUITests.debug.xcconfig */,
				527F56A0C250A1E5669B07D1 /* Pods-DiscoverAVenueUITests.release.xcconfig */,
			);
			name = Pods;
			sourceTree = "<group>";
		};
		A014254BFD7762FDC5FC9BCC /* Frameworks */ = {
			isa = PBXGroup;
			children = (
				053ED8BE4EF58421ED0E6180 /* Pods_DiscoverAVenue.framework */,
				2A4DB063F45C7583FD74D777 /* Pods_DiscoverAVenueTests.framework */,
				31606DE01F85E1FC02A38963 /* Pods_DiscoverAVenueUITests.framework */,
			);
			name = Frameworks;
			sourceTree = "<group>";
		};
		CF3CC25D200E99DC00F93B83 = {
			isa = PBXGroup;
			children = (
				CF3CC268200E99DC00F93B83 /* DiscoverAVenue */,
				CF3CC27D200E99DC00F93B83 /* DiscoverAVenueTests */,
				CF3CC288200E99DC00F93B83 /* DiscoverAVenueUITests */,
				CF3CC267200E99DC00F93B83 /* Products */,
				9B76445E7B8D0186E4C1D0D3 /* Pods */,
				A014254BFD7762FDC5FC9BCC /* Frameworks */,
			);
			sourceTree = "<group>";
		};
		CF3CC267200E99DC00F93B83 /* Products */ = {
			isa = PBXGroup;
			children = (
				CF3CC266200E99DC00F93B83 /* DiscoverAVenue.app */,
				CF3CC27A200E99DC00F93B83 /* DiscoverAVenueTests.xctest */,
				CF3CC285200E99DC00F93B83 /* DiscoverAVenueUITests.xctest */,
			);
			name = Products;
			sourceTree = "<group>";
		};
		CF3CC268200E99DC00F93B83 /* DiscoverAVenue */ = {
			isa = PBXGroup;
			children = (
				DBB305E6201152E800CDF2FE /* Supporting Files */,
				DBB305E42011505800CDF2FE /* Views */,
				DBB305E52011507000CDF2FE /* Models */,
				DBB305E32011504800CDF2FE /* Services */,
				DBB305D820114AA400CDF2FE /* ViewControllers */,
				CF3CC275200E99DC00F93B83 /* Info.plist */,
			);
			path = DiscoverAVenue;
			sourceTree = "<group>";
		};
		CF3CC27D200E99DC00F93B83 /* DiscoverAVenueTests */ = {
			isa = PBXGroup;
			children = (
				CF3CC27E200E99DC00F93B83 /* DiscoverAVenueTests.swift */,
				CF3CC280200E99DC00F93B83 /* Info.plist */,
			);
			path = DiscoverAVenueTests;
			sourceTree = "<group>";
		};
		CF3CC288200E99DC00F93B83 /* DiscoverAVenueUITests */ = {
			isa = PBXGroup;
			children = (
				CF3CC289200E99DC00F93B83 /* DiscoverAVenueUITests.swift */,
				CF3CC28B200E99DC00F93B83 /* Info.plist */,
			);
			path = DiscoverAVenueUITests;
			sourceTree = "<group>";
		};
		DBB305D820114AA400CDF2FE /* ViewControllers */ = {
			isa = PBXGroup;
			children = (
				DBB305D420114A5100CDF2FE /* MapViewController.swift */,
				DBB305F320115DC100CDF2FE /* AddVenueViewController.swift */,
				DBB305E7201154F300CDF2FE /* SearchResultsTableViewController.swift */,
				DBB305F520115DDC00CDF2FE /* AddCollectionViewController.swift */,
				DBB305D620114A7000CDF2FE /* UserCreatedCollectionsViewController.swift */,
				DBB305EF20115A6500CDF2FE /* SearchResultDetailViewController.swift */,
			);
			path = ViewControllers;
			sourceTree = "<group>";
		};
		DBB305E32011504800CDF2FE /* Services */ = {
			isa = PBXGroup;
			children = (
				DBB305DF20114DD000CDF2FE /* VenueAPIClient.swift */,
				DBB305E120114DDF00CDF2FE /* NetworkHelper.swift */,
			);
			path = Services;
			sourceTree = "<group>";
		};
		DBB305E42011505800CDF2FE /* Views */ = {
			isa = PBXGroup;
			children = (
				DBB305DB20114C0700CDF2FE /* VenueCollectionViewCell.swift */,
				DBB305E9201156A100CDF2FE /* SearchResultsTableView.swift */,
				DBC0F5ED2012DD87003B19AC /* CollectionsCustomCollectionViewCell.swift */,
				DBB305D920114BBD00CDF2FE /* MapView.swift */,
				DBB305EB201156EE00CDF2FE /* VenueTableViewCell.swift */,
				DBB305ED201157C600CDF2FE /* UserCreatedCollectionsView.swift */,
				DBB305F120115A7700CDF2FE /* SearchResultDetailView.swift */,
				DBB305F720115DFB00CDF2FE /* AddVenueView.swift */,
				DBB305F920115E0D00CDF2FE /* AddCollectionView.swift */,
			);
			path = Views;
			sourceTree = "<group>";
		};
		DBB305E52011507000CDF2FE /* Models */ = {
			isa = PBXGroup;
			children = (
				DBB305DD20114DB300CDF2FE /* Venue.swift */,
			);
			path = Models;
			sourceTree = "<group>";
		};
		DBB305E6201152E800CDF2FE /* Supporting Files */ = {
			isa = PBXGroup;
			children = (
				CF3CC269200E99DC00F93B83 /* AppDelegate.swift */,
				CF3CC270200E99DC00F93B83 /* Assets.xcassets */,
				CF3CC272200E99DC00F93B83 /* LaunchScreen.storyboard */,
			);
			path = "Supporting Files";
			sourceTree = "<group>";
		};
/* End PBXGroup section */

/* Begin PBXNativeTarget section */
		CF3CC265200E99DC00F93B83 /* DiscoverAVenue */ = {
			isa = PBXNativeTarget;
			buildConfigurationList = CF3CC28E200E99DC00F93B83 /* Build configuration list for PBXNativeTarget "DiscoverAVenue" */;
			buildPhases = (
				C99695AC4602C9797375D6FC /* [CP] Check Pods Manifest.lock */,
				CF3CC262200E99DC00F93B83 /* Sources */,
				CF3CC263200E99DC00F93B83 /* Frameworks */,
				CF3CC264200E99DC00F93B83 /* Resources */,
				2EA3E5932525B43D5398F8E6 /* [CP] Embed Pods Frameworks */,
				32E6DAE6FF3E5010B94CC58A /* [CP] Copy Pods Resources */,
			);
			buildRules = (
			);
			dependencies = (
			);
			name = DiscoverAVenue;
			productName = DiscoverAVenue;
			productReference = CF3CC266200E99DC00F93B83 /* DiscoverAVenue.app */;
			productType = "com.apple.product-type.application";
		};
		CF3CC279200E99DC00F93B83 /* DiscoverAVenueTests */ = {
			isa = PBXNativeTarget;
			buildConfigurationList = CF3CC291200E99DC00F93B83 /* Build configuration list for PBXNativeTarget "DiscoverAVenueTests" */;
			buildPhases = (
				054DC3A0795FB68EC7640563 /* [CP] Check Pods Manifest.lock */,
				CF3CC276200E99DC00F93B83 /* Sources */,
				CF3CC277200E99DC00F93B83 /* Frameworks */,
				CF3CC278200E99DC00F93B83 /* Resources */,
				933C54E7B6FA3A463F25A7A9 /* [CP] Embed Pods Frameworks */,
				8656FA5F9F8712E0E34A04FB /* [CP] Copy Pods Resources */,
			);
			buildRules = (
			);
			dependencies = (
				CF3CC27C200E99DC00F93B83 /* PBXTargetDependency */,
			);
			name = DiscoverAVenueTests;
			productName = DiscoverAVenueTests;
			productReference = CF3CC27A200E99DC00F93B83 /* DiscoverAVenueTests.xctest */;
			productType = "com.apple.product-type.bundle.unit-test";
		};
		CF3CC284200E99DC00F93B83 /* DiscoverAVenueUITests */ = {
			isa = PBXNativeTarget;
			buildConfigurationList = CF3CC294200E99DC00F93B83 /* Build configuration list for PBXNativeTarget "DiscoverAVenueUITests" */;
			buildPhases = (
				3EEEC8FCA0ACDE1CC2C08A04 /* [CP] Check Pods Manifest.lock */,
				CF3CC281200E99DC00F93B83 /* Sources */,
				CF3CC282200E99DC00F93B83 /* Frameworks */,
				CF3CC283200E99DC00F93B83 /* Resources */,
				DB849312754D61CAFBA4929E /* [CP] Embed Pods Frameworks */,
				59C45668404777FC43D52979 /* [CP] Copy Pods Resources */,
			);
			buildRules = (
			);
			dependencies = (
				CF3CC287200E99DC00F93B83 /* PBXTargetDependency */,
			);
			name = DiscoverAVenueUITests;
			productName = DiscoverAVenueUITests;
			productReference = CF3CC285200E99DC00F93B83 /* DiscoverAVenueUITests.xctest */;
			productType = "com.apple.product-type.bundle.ui-testing";
		};
/* End PBXNativeTarget section */

/* Begin PBXProject section */
		CF3CC25E200E99DC00F93B83 /* Project object */ = {
			isa = PBXProject;
			attributes = {
				LastSwiftUpdateCheck = 0900;
				LastUpgradeCheck = 0900;
				ORGANIZATIONNAME = "Caroline Cruz";
				TargetAttributes = {
					CF3CC265200E99DC00F93B83 = {
						CreatedOnToolsVersion = 9.0;
						ProvisioningStyle = Automatic;
					};
					CF3CC279200E99DC00F93B83 = {
						CreatedOnToolsVersion = 9.0;
						ProvisioningStyle = Automatic;
						TestTargetID = CF3CC265200E99DC00F93B83;
					};
					CF3CC284200E99DC00F93B83 = {
						CreatedOnToolsVersion = 9.0;
						ProvisioningStyle = Automatic;
						TestTargetID = CF3CC265200E99DC00F93B83;
					};
				};
			};
			buildConfigurationList = CF3CC261200E99DC00F93B83 /* Build configuration list for PBXProject "DiscoverAVenue" */;
			compatibilityVersion = "Xcode 8.0";
			developmentRegion = en;
			hasScannedForEncodings = 0;
			knownRegions = (
				en,
				Base,
			);
			mainGroup = CF3CC25D200E99DC00F93B83;
			productRefGroup = CF3CC267200E99DC00F93B83 /* Products */;
			projectDirPath = "";
			projectRoot = "";
			targets = (
				CF3CC265200E99DC00F93B83 /* DiscoverAVenue */,
				CF3CC279200E99DC00F93B83 /* DiscoverAVenueTests */,
				CF3CC284200E99DC00F93B83 /* DiscoverAVenueUITests */,
			);
		};
/* End PBXProject section */

/* Begin PBXResourcesBuildPhase section */
		CF3CC264200E99DC00F93B83 /* Resources */ = {
			isa = PBXResourcesBuildPhase;
			buildActionMask = 2147483647;
			files = (
				CF3CC274200E99DC00F93B83 /* LaunchScreen.storyboard in Resources */,
				CF3CC271200E99DC00F93B83 /* Assets.xcassets in Resources */,
			);
			runOnlyForDeploymentPostprocessing = 0;
		};
		CF3CC278200E99DC00F93B83 /* Resources */ = {
			isa = PBXResourcesBuildPhase;
			buildActionMask = 2147483647;
			files = (
			);
			runOnlyForDeploymentPostprocessing = 0;
		};
		CF3CC283200E99DC00F93B83 /* Resources */ = {
			isa = PBXResourcesBuildPhase;
			buildActionMask = 2147483647;
			files = (
			);
			runOnlyForDeploymentPostprocessing = 0;
		};
/* End PBXResourcesBuildPhase section */

/* Begin PBXShellScriptBuildPhase section */
		054DC3A0795FB68EC7640563 /* [CP] Check Pods Manifest.lock */ = {
			isa = PBXShellScriptBuildPhase;
			buildActionMask = 2147483647;
			files = (
			);
			inputPaths = (
				"${PODS_PODFILE_DIR_PATH}/Podfile.lock",
				"${PODS_ROOT}/Manifest.lock",
			);
			name = "[CP] Check Pods Manifest.lock";
			outputPaths = (
				"$(DERIVED_FILE_DIR)/Pods-DiscoverAVenueTests-checkManifestLockResult.txt",
			);
			runOnlyForDeploymentPostprocessing = 0;
			shellPath = /bin/sh;
			shellScript = "diff \"${PODS_PODFILE_DIR_PATH}/Podfile.lock\" \"${PODS_ROOT}/Manifest.lock\" > /dev/null\nif [ $? != 0 ] ; then\n    # print error to STDERR\n    echo \"error: The sandbox is not in sync with the Podfile.lock. Run 'pod install' or update your CocoaPods installation.\" >&2\n    exit 1\nfi\n# This output is used by Xcode 'outputs' to avoid re-running this script phase.\necho \"SUCCESS\" > \"${SCRIPT_OUTPUT_FILE_0}\"\n";
			showEnvVarsInLog = 0;
		};
		2EA3E5932525B43D5398F8E6 /* [CP] Embed Pods Frameworks */ = {
			isa = PBXShellScriptBuildPhase;
			buildActionMask = 2147483647;
			files = (
			);
			inputPaths = (
				"${SRCROOT}/Pods/Target Support Files/Pods-DiscoverAVenue/Pods-DiscoverAVenue-frameworks.sh",
				"${BUILT_PRODUCTS_DIR}/SnapKit/SnapKit.framework",
			);
			name = "[CP] Embed Pods Frameworks";
			outputPaths = (
				"${TARGET_BUILD_DIR}/${FRAMEWORKS_FOLDER_PATH}/SnapKit.framework",
			);
			runOnlyForDeploymentPostprocessing = 0;
			shellPath = /bin/sh;
			shellScript = "\"${SRCROOT}/Pods/Target Support Files/Pods-DiscoverAVenue/Pods-DiscoverAVenue-frameworks.sh\"\n";
			showEnvVarsInLog = 0;
		};
		32E6DAE6FF3E5010B94CC58A /* [CP] Copy Pods Resources */ = {
			isa = PBXShellScriptBuildPhase;
			buildActionMask = 2147483647;
			files = (
			);
			inputPaths = (
			);
			name = "[CP] Copy Pods Resources";
			outputPaths = (
			);
			runOnlyForDeploymentPostprocessing = 0;
			shellPath = /bin/sh;
			shellScript = "\"${SRCROOT}/Pods/Target Support Files/Pods-DiscoverAVenue/Pods-DiscoverAVenue-resources.sh\"\n";
			showEnvVarsInLog = 0;
		};
		3EEEC8FCA0ACDE1CC2C08A04 /* [CP] Check Pods Manifest.lock */ = {
			isa = PBXShellScriptBuildPhase;
			buildActionMask = 2147483647;
			files = (
			);
			inputPaths = (
				"${PODS_PODFILE_DIR_PATH}/Podfile.lock",
				"${PODS_ROOT}/Manifest.lock",
			);
			name = "[CP] Check Pods Manifest.lock";
			outputPaths = (
				"$(DERIVED_FILE_DIR)/Pods-DiscoverAVenueUITests-checkManifestLockResult.txt",
			);
			runOnlyForDeploymentPostprocessing = 0;
			shellPath = /bin/sh;
			shellScript = "diff \"${PODS_PODFILE_DIR_PATH}/Podfile.lock\" \"${PODS_ROOT}/Manifest.lock\" > /dev/null\nif [ $? != 0 ] ; then\n    # print error to STDERR\n    echo \"error: The sandbox is not in sync with the Podfile.lock. Run 'pod install' or update your CocoaPods installation.\" >&2\n    exit 1\nfi\n# This output is used by Xcode 'outputs' to avoid re-running this script phase.\necho \"SUCCESS\" > \"${SCRIPT_OUTPUT_FILE_0}\"\n";
			showEnvVarsInLog = 0;
		};
		59C45668404777FC43D52979 /* [CP] Copy Pods Resources */ = {
			isa = PBXShellScriptBuildPhase;
			buildActionMask = 2147483647;
			files = (
			);
			inputPaths = (
			);
			name = "[CP] Copy Pods Resources";
			outputPaths = (
			);
			runOnlyForDeploymentPostprocessing = 0;
			shellPath = /bin/sh;
			shellScript = "\"${SRCROOT}/Pods/Target Support Files/Pods-DiscoverAVenueUITests/Pods-DiscoverAVenueUITests-resources.sh\"\n";
			showEnvVarsInLog = 0;
		};
		8656FA5F9F8712E0E34A04FB /* [CP] Copy Pods Resources */ = {
			isa = PBXShellScriptBuildPhase;
			buildActionMask = 2147483647;
			files = (
			);
			inputPaths = (
			);
			name = "[CP] Copy Pods Resources";
			outputPaths = (
			);
			runOnlyForDeploymentPostprocessing = 0;
			shellPath = /bin/sh;
			shellScript = "\"${SRCROOT}/Pods/Target Support Files/Pods-DiscoverAVenueTests/Pods-DiscoverAVenueTests-resources.sh\"\n";
			showEnvVarsInLog = 0;
		};
		933C54E7B6FA3A463F25A7A9 /* [CP] Embed Pods Frameworks */ = {
			isa = PBXShellScriptBuildPhase;
			buildActionMask = 2147483647;
			files = (
			);
			inputPaths = (
			);
			name = "[CP] Embed Pods Frameworks";
			outputPaths = (
			);
			runOnlyForDeploymentPostprocessing = 0;
			shellPath = /bin/sh;
			shellScript = "\"${SRCROOT}/Pods/Target Support Files/Pods-DiscoverAVenueTests/Pods-DiscoverAVenueTests-frameworks.sh\"\n";
			showEnvVarsInLog = 0;
		};
		C99695AC4602C9797375D6FC /* [CP] Check Pods Manifest.lock */ = {
			isa = PBXShellScriptBuildPhase;
			buildActionMask = 2147483647;
			files = (
			);
			inputPaths = (
				"${PODS_PODFILE_DIR_PATH}/Podfile.lock",
				"${PODS_ROOT}/Manifest.lock",
			);
			name = "[CP] Check Pods Manifest.lock";
			outputPaths = (
				"$(DERIVED_FILE_DIR)/Pods-DiscoverAVenue-checkManifestLockResult.txt",
			);
			runOnlyForDeploymentPostprocessing = 0;
			shellPath = /bin/sh;
			shellScript = "diff \"${PODS_PODFILE_DIR_PATH}/Podfile.lock\" \"${PODS_ROOT}/Manifest.lock\" > /dev/null\nif [ $? != 0 ] ; then\n    # print error to STDERR\n    echo \"error: The sandbox is not in sync with the Podfile.lock. Run 'pod install' or update your CocoaPods installation.\" >&2\n    exit 1\nfi\n# This output is used by Xcode 'outputs' to avoid re-running this script phase.\necho \"SUCCESS\" > \"${SCRIPT_OUTPUT_FILE_0}\"\n";
			showEnvVarsInLog = 0;
		};
		DB849312754D61CAFBA4929E /* [CP] Embed Pods Frameworks */ = {
			isa = PBXShellScriptBuildPhase;
			buildActionMask = 2147483647;
			files = (
			);
			inputPaths = (
			);
			name = "[CP] Embed Pods Frameworks";
			outputPaths = (
			);
			runOnlyForDeploymentPostprocessing = 0;
			shellPath = /bin/sh;
			shellScript = "\"${SRCROOT}/Pods/Target Support Files/Pods-DiscoverAVenueUITests/Pods-DiscoverAVenueUITests-frameworks.sh\"\n";
			showEnvVarsInLog = 0;
		};
/* End PBXShellScriptBuildPhase section */

/* Begin PBXSourcesBuildPhase section */
		CF3CC262200E99DC00F93B83 /* Sources */ = {
			isa = PBXSourcesBuildPhase;
			buildActionMask = 2147483647;
			files = (
				DBB305F620115DDC00CDF2FE /* AddCollectionViewController.swift in Sources */,
				DBB305F420115DC100CDF2FE /* AddVenueViewController.swift in Sources */,
				DBB305F820115DFB00CDF2FE /* AddVenueView.swift in Sources */,
				DBB305EE201157C600CDF2FE /* UserCreatedCollectionsView.swift in Sources */,
				DBC0F5EE2012DD87003B19AC /* CollectionsCustomCollectionViewCell.swift in Sources */,
				DBB305E220114DDF00CDF2FE /* NetworkHelper.swift in Sources */,
				DBB305F220115A7700CDF2FE /* SearchResultDetailView.swift in Sources */,
				DBB305E020114DD000CDF2FE /* VenueAPIClient.swift in Sources */,
				DBB305D520114A5100CDF2FE /* MapViewController.swift in Sources */,
				DBB305DE20114DB300CDF2FE /* Venue.swift in Sources */,
				DBB305DA20114BBD00CDF2FE /* MapView.swift in Sources */,
				DBB305FA20115E0D00CDF2FE /* AddCollectionView.swift in Sources */,
				DBB305F020115A6500CDF2FE /* SearchResultDetailViewController.swift in Sources */,
				DBB305E8201154F300CDF2FE /* SearchResultsTableViewController.swift in Sources */,
				DBB305DC20114C0700CDF2FE /* VenueCollectionViewCell.swift in Sources */,
				DBB305D720114A7000CDF2FE /* UserCreatedCollectionsViewController.swift in Sources */,
				DBB305EA201156A100CDF2FE /* SearchResultsTableView.swift in Sources */,
				CF3CC26A200E99DC00F93B83 /* AppDelegate.swift in Sources */,
				DBB305EC201156EE00CDF2FE /* VenueTableViewCell.swift in Sources */,
			);
			runOnlyForDeploymentPostprocessing = 0;
		};
		CF3CC276200E99DC00F93B83 /* Sources */ = {
			isa = PBXSourcesBuildPhase;
			buildActionMask = 2147483647;
			files = (
				CF3CC27F200E99DC00F93B83 /* DiscoverAVenueTests.swift in Sources */,
			);
			runOnlyForDeploymentPostprocessing = 0;
		};
		CF3CC281200E99DC00F93B83 /* Sources */ = {
			isa = PBXSourcesBuildPhase;
			buildActionMask = 2147483647;
			files = (
				CF3CC28A200E99DC00F93B83 /* DiscoverAVenueUITests.swift in Sources */,
			);
			runOnlyForDeploymentPostprocessing = 0;
		};
/* End PBXSourcesBuildPhase section */

/* Begin PBXTargetDependency section */
		CF3CC27C200E99DC00F93B83 /* PBXTargetDependency */ = {
			isa = PBXTargetDependency;
			target = CF3CC265200E99DC00F93B83 /* DiscoverAVenue */;
			targetProxy = CF3CC27B200E99DC00F93B83 /* PBXContainerItemProxy */;
		};
		CF3CC287200E99DC00F93B83 /* PBXTargetDependency */ = {
			isa = PBXTargetDependency;
			target = CF3CC265200E99DC00F93B83 /* DiscoverAVenue */;
			targetProxy = CF3CC286200E99DC00F93B83 /* PBXContainerItemProxy */;
		};
/* End PBXTargetDependency section */

/* Begin PBXVariantGroup section */
		CF3CC272200E99DC00F93B83 /* LaunchScreen.storyboard */ = {
			isa = PBXVariantGroup;
			children = (
				CF3CC273200E99DC00F93B83 /* Base */,
			);
			name = LaunchScreen.storyboard;
			sourceTree = "<group>";
		};
/* End PBXVariantGroup section */

/* Begin XCBuildConfiguration section */
		CF3CC28C200E99DC00F93B83 /* Debug */ = {
			isa = XCBuildConfiguration;
			buildSettings = {
				ALWAYS_SEARCH_USER_PATHS = NO;
				CLANG_ANALYZER_NONNULL = YES;
				CLANG_ANALYZER_NUMBER_OBJECT_CONVERSION = YES_AGGRESSIVE;
				CLANG_CXX_LANGUAGE_STANDARD = "gnu++14";
				CLANG_CXX_LIBRARY = "libc++";
				CLANG_ENABLE_MODULES = YES;
				CLANG_ENABLE_OBJC_ARC = YES;
				CLANG_WARN_BLOCK_CAPTURE_AUTORELEASING = YES;
				CLANG_WARN_BOOL_CONVERSION = YES;
				CLANG_WARN_COMMA = YES;
				CLANG_WARN_CONSTANT_CONVERSION = YES;
				CLANG_WARN_DIRECT_OBJC_ISA_USAGE = YES_ERROR;
				CLANG_WARN_DOCUMENTATION_COMMENTS = YES;
				CLANG_WARN_EMPTY_BODY = YES;
				CLANG_WARN_ENUM_CONVERSION = YES;
				CLANG_WARN_INFINITE_RECURSION = YES;
				CLANG_WARN_INT_CONVERSION = YES;
				CLANG_WARN_NON_LITERAL_NULL_CONVERSION = YES;
				CLANG_WARN_OBJC_LITERAL_CONVERSION = YES;
				CLANG_WARN_OBJC_ROOT_CLASS = YES_ERROR;
				CLANG_WARN_RANGE_LOOP_ANALYSIS = YES;
				CLANG_WARN_STRICT_PROTOTYPES = YES;
				CLANG_WARN_SUSPICIOUS_MOVE = YES;
				CLANG_WARN_UNGUARDED_AVAILABILITY = YES_AGGRESSIVE;
				CLANG_WARN_UNREACHABLE_CODE = YES;
				CLANG_WARN__DUPLICATE_METHOD_MATCH = YES;
				CODE_SIGN_IDENTITY = "iPhone Developer";
				COPY_PHASE_STRIP = NO;
				DEBUG_INFORMATION_FORMAT = dwarf;
				ENABLE_STRICT_OBJC_MSGSEND = YES;
				ENABLE_TESTABILITY = YES;
				GCC_C_LANGUAGE_STANDARD = gnu11;
				GCC_DYNAMIC_NO_PIC = NO;
				GCC_NO_COMMON_BLOCKS = YES;
				GCC_OPTIMIZATION_LEVEL = 0;
				GCC_PREPROCESSOR_DEFINITIONS = (
					"DEBUG=1",
					"$(inherited)",
				);
				GCC_WARN_64_TO_32_BIT_CONVERSION = YES;
				GCC_WARN_ABOUT_RETURN_TYPE = YES_ERROR;
				GCC_WARN_UNDECLARED_SELECTOR = YES;
				GCC_WARN_UNINITIALIZED_AUTOS = YES_AGGRESSIVE;
				GCC_WARN_UNUSED_FUNCTION = YES;
				GCC_WARN_UNUSED_VARIABLE = YES;
				IPHONEOS_DEPLOYMENT_TARGET = 11.0;
				MTL_ENABLE_DEBUG_INFO = YES;
				ONLY_ACTIVE_ARCH = YES;
				SDKROOT = iphoneos;
				SWIFT_ACTIVE_COMPILATION_CONDITIONS = DEBUG;
				SWIFT_OPTIMIZATION_LEVEL = "-Onone";
			};
			name = Debug;
		};
		CF3CC28D200E99DC00F93B83 /* Release */ = {
			isa = XCBuildConfiguration;
			buildSettings = {
				ALWAYS_SEARCH_USER_PATHS = NO;
				CLANG_ANALYZER_NONNULL = YES;
				CLANG_ANALYZER_NUMBER_OBJECT_CONVERSION = YES_AGGRESSIVE;
				CLANG_CXX_LANGUAGE_STANDARD = "gnu++14";
				CLANG_CXX_LIBRARY = "libc++";
				CLANG_ENABLE_MODULES = YES;
				CLANG_ENABLE_OBJC_ARC = YES;
				CLANG_WARN_BLOCK_CAPTURE_AUTORELEASING = YES;
				CLANG_WARN_BOOL_CONVERSION = YES;
				CLANG_WARN_COMMA = YES;
				CLANG_WARN_CONSTANT_CONVERSION = YES;
				CLANG_WARN_DIRECT_OBJC_ISA_USAGE = YES_ERROR;
				CLANG_WARN_DOCUMENTATION_COMMENTS = YES;
				CLANG_WARN_EMPTY_BODY = YES;
				CLANG_WARN_ENUM_CONVERSION = YES;
				CLANG_WARN_INFINITE_RECURSION = YES;
				CLANG_WARN_INT_CONVERSION = YES;
				CLANG_WARN_NON_LITERAL_NULL_CONVERSION = YES;
				CLANG_WARN_OBJC_LITERAL_CONVERSION = YES;
				CLANG_WARN_OBJC_ROOT_CLASS = YES_ERROR;
				CLANG_WARN_RANGE_LOOP_ANALYSIS = YES;
				CLANG_WARN_STRICT_PROTOTYPES = YES;
				CLANG_WARN_SUSPICIOUS_MOVE = YES;
				CLANG_WARN_UNGUARDED_AVAILABILITY = YES_AGGRESSIVE;
				CLANG_WARN_UNREACHABLE_CODE = YES;
				CLANG_WARN__DUPLICATE_METHOD_MATCH = YES;
				CODE_SIGN_IDENTITY = "iPhone Developer";
				COPY_PHASE_STRIP = NO;
				DEBUG_INFORMATION_FORMAT = "dwarf-with-dsym";
				ENABLE_NS_ASSERTIONS = NO;
				ENABLE_STRICT_OBJC_MSGSEND = YES;
				GCC_C_LANGUAGE_STANDARD = gnu11;
				GCC_NO_COMMON_BLOCKS = YES;
				GCC_WARN_64_TO_32_BIT_CONVERSION = YES;
				GCC_WARN_ABOUT_RETURN_TYPE = YES_ERROR;
				GCC_WARN_UNDECLARED_SELECTOR = YES;
				GCC_WARN_UNINITIALIZED_AUTOS = YES_AGGRESSIVE;
				GCC_WARN_UNUSED_FUNCTION = YES;
				GCC_WARN_UNUSED_VARIABLE = YES;
				IPHONEOS_DEPLOYMENT_TARGET = 11.0;
				MTL_ENABLE_DEBUG_INFO = NO;
				SDKROOT = iphoneos;
				SWIFT_OPTIMIZATION_LEVEL = "-Owholemodule";
				VALIDATE_PRODUCT = YES;
			};
			name = Release;
		};
		CF3CC28F200E99DC00F93B83 /* Debug */ = {
			isa = XCBuildConfiguration;
			baseConfigurationReference = 034A3C915B5B2AFBDC90F43C /* Pods-DiscoverAVenue.debug.xcconfig */;
			buildSettings = {
				ASSETCATALOG_COMPILER_APPICON_NAME = AppIcon;
				CODE_SIGN_STYLE = Automatic;
				DEVELOPMENT_TEAM = GFTDT2D84K;
				INFOPLIST_FILE = DiscoverAVenue/Info.plist;
				LD_RUNPATH_SEARCH_PATHS = "$(inherited) @executable_path/Frameworks";
				PRODUCT_BUNDLE_IDENTIFIER = xcode.DiscoverAVenue;
				PRODUCT_NAME = "$(TARGET_NAME)";
				SWIFT_VERSION = 4.0;
				TARGETED_DEVICE_FAMILY = "1,2";
			};
			name = Debug;
		};
		CF3CC290200E99DC00F93B83 /* Release */ = {
			isa = XCBuildConfiguration;
			baseConfigurationReference = 05E176687F09190D4565726B /* Pods-DiscoverAVenue.release.xcconfig */;
			buildSettings = {
				ASSETCATALOG_COMPILER_APPICON_NAME = AppIcon;
				CODE_SIGN_STYLE = Automatic;
				DEVELOPMENT_TEAM = GFTDT2D84K;
				INFOPLIST_FILE = DiscoverAVenue/Info.plist;
				LD_RUNPATH_SEARCH_PATHS = "$(inherited) @executable_path/Frameworks";
				PRODUCT_BUNDLE_IDENTIFIER = xcode.DiscoverAVenue;
				PRODUCT_NAME = "$(TARGET_NAME)";
				SWIFT_VERSION = 4.0;
				TARGETED_DEVICE_FAMILY = "1,2";
			};
			name = Release;
		};
		CF3CC292200E99DC00F93B83 /* Debug */ = {
			isa = XCBuildConfiguration;
			baseConfigurationReference = 31D2AABFF9F369E6083F0210 /* Pods-DiscoverAVenueTests.debug.xcconfig */;
			buildSettings = {
				ALWAYS_EMBED_SWIFT_STANDARD_LIBRARIES = YES;
				BUNDLE_LOADER = "$(TEST_HOST)";
				CODE_SIGN_STYLE = Automatic;
				DEVELOPMENT_TEAM = GFTDT2D84K;
				INFOPLIST_FILE = DiscoverAVenueTests/Info.plist;
				LD_RUNPATH_SEARCH_PATHS = "$(inherited) @executable_path/Frameworks @loader_path/Frameworks";
				PRODUCT_BUNDLE_IDENTIFIER = xcode.DiscoverAVenueTests;
				PRODUCT_NAME = "$(TARGET_NAME)";
				SWIFT_VERSION = 4.0;
				TARGETED_DEVICE_FAMILY = "1,2";
				TEST_HOST = "$(BUILT_PRODUCTS_DIR)/DiscoverAVenue.app/DiscoverAVenue";
			};
			name = Debug;
		};
		CF3CC293200E99DC00F93B83 /* Release */ = {
			isa = XCBuildConfiguration;
			baseConfigurationReference = 08E13512BDFD42119AD47815 /* Pods-DiscoverAVenueTests.release.xcconfig */;
			buildSettings = {
				ALWAYS_EMBED_SWIFT_STANDARD_LIBRARIES = YES;
				BUNDLE_LOADER = "$(TEST_HOST)";
				CODE_SIGN_STYLE = Automatic;
				DEVELOPMENT_TEAM = GFTDT2D84K;
				INFOPLIST_FILE = DiscoverAVenueTests/Info.plist;
				LD_RUNPATH_SEARCH_PATHS = "$(inherited) @executable_path/Frameworks @loader_path/Frameworks";
				PRODUCT_BUNDLE_IDENTIFIER = xcode.DiscoverAVenueTests;
				PRODUCT_NAME = "$(TARGET_NAME)";
				SWIFT_VERSION = 4.0;
				TARGETED_DEVICE_FAMILY = "1,2";
				TEST_HOST = "$(BUILT_PRODUCTS_DIR)/DiscoverAVenue.app/DiscoverAVenue";
			};
			name = Release;
		};
		CF3CC295200E99DC00F93B83 /* Debug */ = {
			isa = XCBuildConfiguration;
			baseConfigurationReference = 9A3D286A2D596CE34051422D /* Pods-DiscoverAVenueUITests.debug.xcconfig */;
			buildSettings = {
				ALWAYS_EMBED_SWIFT_STANDARD_LIBRARIES = YES;
				CODE_SIGN_STYLE = Automatic;
				DEVELOPMENT_TEAM = GFTDT2D84K;
				INFOPLIST_FILE = DiscoverAVenueUITests/Info.plist;
				LD_RUNPATH_SEARCH_PATHS = "$(inherited) @executable_path/Frameworks @loader_path/Frameworks";
				PRODUCT_BUNDLE_IDENTIFIER = xcode.DiscoverAVenueUITests;
				PRODUCT_NAME = "$(TARGET_NAME)";
				SWIFT_VERSION = 4.0;
				TARGETED_DEVICE_FAMILY = "1,2";
				TEST_TARGET_NAME = DiscoverAVenue;
			};
			name = Debug;
		};
		CF3CC296200E99DC00F93B83 /* Release */ = {
			isa = XCBuildConfiguration;
			baseConfigurationReference = 527F56A0C250A1E5669B07D1 /* Pods-DiscoverAVenueUITests.release.xcconfig */;
			buildSettings = {
				ALWAYS_EMBED_SWIFT_STANDARD_LIBRARIES = YES;
				CODE_SIGN_STYLE = Automatic;
				DEVELOPMENT_TEAM = GFTDT2D84K;
				INFOPLIST_FILE = DiscoverAVenueUITests/Info.plist;
				LD_RUNPATH_SEARCH_PATHS = "$(inherited) @executable_path/Frameworks @loader_path/Frameworks";
				PRODUCT_BUNDLE_IDENTIFIER = xcode.DiscoverAVenueUITests;
				PRODUCT_NAME = "$(TARGET_NAME)";
				SWIFT_VERSION = 4.0;
				TARGETED_DEVICE_FAMILY = "1,2";
				TEST_TARGET_NAME = DiscoverAVenue;
			};
			name = Release;
		};
/* End XCBuildConfiguration section */

/* Begin XCConfigurationList section */
		CF3CC261200E99DC00F93B83 /* Build configuration list for PBXProject "DiscoverAVenue" */ = {
			isa = XCConfigurationList;
			buildConfigurations = (
				CF3CC28C200E99DC00F93B83 /* Debug */,
				CF3CC28D200E99DC00F93B83 /* Release */,
			);
			defaultConfigurationIsVisible = 0;
			defaultConfigurationName = Release;
		};
		CF3CC28E200E99DC00F93B83 /* Build configuration list for PBXNativeTarget "DiscoverAVenue" */ = {
			isa = XCConfigurationList;
			buildConfigurations = (
				CF3CC28F200E99DC00F93B83 /* Debug */,
				CF3CC290200E99DC00F93B83 /* Release */,
			);
			defaultConfigurationIsVisible = 0;
			defaultConfigurationName = Release;
		};
		CF3CC291200E99DC00F93B83 /* Build configuration list for PBXNativeTarget "DiscoverAVenueTests" */ = {
			isa = XCConfigurationList;
			buildConfigurations = (
				CF3CC292200E99DC00F93B83 /* Debug */,
				CF3CC293200E99DC00F93B83 /* Release */,
			);
			defaultConfigurationIsVisible = 0;
			defaultConfigurationName = Release;
		};
		CF3CC294200E99DC00F93B83 /* Build configuration list for PBXNativeTarget "DiscoverAVenueUITests" */ = {
			isa = XCConfigurationList;
			buildConfigurations = (
				CF3CC295200E99DC00F93B83 /* Debug */,
				CF3CC296200E99DC00F93B83 /* Release */,
			);
			defaultConfigurationIsVisible = 0;
			defaultConfigurationName = Release;
		};
/* End XCConfigurationList section */
	};
	rootObject = CF3CC25E200E99DC00F93B83 /* Project object */;
}
