// !$*UTF8*$!
{
	archiveVersion = 1;
	classes = {
	};
	objectVersion = 48;
	objects = {

/* Begin PBXBuildFile section */
		CF3CC26A200E99DC00F93B83 /* AppDelegate.swift in Sources */ = {isa = PBXBuildFile; fileRef = CF3CC269200E99DC00F93B83 /* AppDelegate.swift */; };
		CF3CC26C200E99DC00F93B83 /* ViewController.swift in Sources */ = {isa = PBXBuildFile; fileRef = CF3CC26B200E99DC00F93B83 /* ViewController.swift */; };
		CF3CC26F200E99DC00F93B83 /* Main.storyboard in Resources */ = {isa = PBXBuildFile; fileRef = CF3CC26D200E99DC00F93B83 /* Main.storyboard */; };
		CF3CC271200E99DC00F93B83 /* Assets.xcassets in Resources */ = {isa = PBXBuildFile; fileRef = CF3CC270200E99DC00F93B83 /* Assets.xcassets */; };
		CF3CC274200E99DC00F93B83 /* LaunchScreen.storyboard in Resources */ = {isa = PBXBuildFile; fileRef = CF3CC272200E99DC00F93B83 /* LaunchScreen.storyboard */; };
		CF3CC27F200E99DC00F93B83 /* DiscoverAVenueTests.swift in Sources */ = {isa = PBXBuildFile; fileRef = CF3CC27E200E99DC00F93B83 /* DiscoverAVenueTests.swift */; };
		CF3CC28A200E99DC00F93B83 /* DiscoverAVenueUITests.swift in Sources */ = {isa = PBXBuildFile; fileRef = CF3CC289200E99DC00F93B83 /* DiscoverAVenueUITests.swift */; };
/* End PBXBuildFile section */

/* Begin PBXContainerItemProxy section */
		CF3CC27B200E99DC00F93B83 /* PBXContainerItemProxy */ = {
			isa = PBXContainerItemProxy;
			containerPortal = CF3CC25E200E99DC00F93B83 /* Project object */;
			proxyType = 1;
			remoteGlobalIDString = CF3CC265200E99DC00F93B83;
			remoteInfo = DiscoverAVenue;
		};
		CF3CC286200E99DC00F93B83 /* PBXContainerItemProxy */ = {
			isa = PBXContainerItemProxy;
			containerPortal = CF3CC25E200E99DC00F93B83 /* Project object */;
			proxyType = 1;
			remoteGlobalIDString = CF3CC265200E99DC00F93B83;
			remoteInfo = DiscoverAVenue;
		};
/* End PBXContainerItemProxy section */

/* Begin PBXFileReference section */
		CF3CC266200E99DC00F93B83 /* DiscoverAVenue.app */ = {isa = PBXFileReference; explicitFileType = wrapper.application; includeInIndex = 0; path = DiscoverAVenue.app; sourceTree = BUILT_PRODUCTS_DIR; };
		CF3CC269200E99DC00F93B83 /* AppDelegate.swift */ = {isa = PBXFileReference; lastKnownFileType = sourcecode.swift; path = AppDelegate.swift; sourceTree = "<group>"; };
		CF3CC26B200E99DC00F93B83 /* ViewController.swift */ = {isa = PBXFileReference; lastKnownFileType = sourcecode.swift; path = ViewController.swift; sourceTree = "<group>"; };
		CF3CC26E200E99DC00F93B83 /* Base */ = {isa = PBXFileReference; lastKnownFileType = file.storyboard; name = Base; path = Base.lproj/Main.storyboard; sourceTree = "<group>"; };
		CF3CC270200E99DC00F93B83 /* Assets.xcassets */ = {isa = PBXFileReference; lastKnownFileType = folder.assetcatalog; path = Assets.xcassets; sourceTree = "<group>"; };
		CF3CC273200E99DC00F93B83 /* Base */ = {isa = PBXFileReference; lastKnownFileType = file.storyboard; name = Base; path = Base.lproj/LaunchScreen.storyboard; sourceTree = "<group>"; };
		CF3CC275200E99DC00F93B83 /* Info.plist */ = {isa = PBXFileReference; lastKnownFileType = text.plist.xml; path = Info.plist; sourceTree = "<group>"; };
		CF3CC27A200E99DC00F93B83 /* DiscoverAVenueTests.xctest */ = {isa = PBXFileReference; explicitFileType = wrapper.cfbundle; includeInIndex = 0; path = DiscoverAVenueTests.xctest; sourceTree = BUILT_PRODUCTS_DIR; };
		CF3CC27E200E99DC00F93B83 /* DiscoverAVenueTests.swift */ = {isa = PBXFileReference; lastKnownFileType = sourcecode.swift; path = DiscoverAVenueTests.swift; sourceTree = "<group>"; };
		CF3CC280200E99DC00F93B83 /* Info.plist */ = {isa = PBXFileReference; lastKnownFileType = text.plist.xml; path = Info.plist; sourceTree = "<group>"; };
		CF3CC285200E99DC00F93B83 /* DiscoverAVenueUITests.xctest */ = {isa = PBXFileReference; explicitFileType = wrapper.cfbundle; includeInIndex = 0; path = DiscoverAVenueUITests.xctest; sourceTree = BUILT_PRODUCTS_DIR; };
		CF3CC289200E99DC00F93B83 /* DiscoverAVenueUITests.swift */ = {isa = PBXFileReference; lastKnownFileType = sourcecode.swift; path = DiscoverAVenueUITests.swift; sourceTree = "<group>"; };
		CF3CC28B200E99DC00F93B83 /* Info.plist */ = {isa = PBXFileReference; lastKnownFileType = text.plist.xml; path = Info.plist; sourceTree = "<group>"; };
/* End PBXFileReference section */

/* Begin PBXFrameworksBuildPhase section */
		CF3CC263200E99DC00F93B83 /* Frameworks */ = {
			isa = PBXFrameworksBuildPhase;
			buildActionMask = 2147483647;
			files = (
			);
			runOnlyForDeploymentPostprocessing = 0;
		};
		CF3CC277200E99DC00F93B83 /* Frameworks */ = {
			isa = PBXFrameworksBuildPhase;
			buildActionMask = 2147483647;
			files = (
			);
			runOnlyForDeploymentPostprocessing = 0;
		};
		CF3CC282200E99DC00F93B83 /* Frameworks */ = {
			isa = PBXFrameworksBuildPhase;
			buildActionMask = 2147483647;
			files = (
			);
			runOnlyForDeploymentPostprocessing = 0;
		};
/* End PBXFrameworksBuildPhase section */

/* Begin PBXGroup section */
		CF3CC25D200E99DC00F93B83 = {
			isa = PBXGroup;
			children = (
				CF3CC268200E99DC00F93B83 /* DiscoverAVenue */,
				CF3CC27D200E99DC00F93B83 /* DiscoverAVenueTests */,
				CF3CC288200E99DC00F93B83 /* DiscoverAVenueUITests */,
				CF3CC267200E99DC00F93B83 /* Products */,
			);
			sourceTree = "<group>";
		};
		CF3CC267200E99DC00F93B83 /* Products */ = {
			isa = PBXGroup;
			children = (
				CF3CC266200E99DC00F93B83 /* DiscoverAVenue.app */,
				CF3CC27A200E99DC00F93B83 /* DiscoverAVenueTests.xctest */,
				CF3CC285200E99DC00F93B83 /* DiscoverAVenueUITests.xctest */,
			);
			name = Products;
			sourceTree = "<group>";
		};
		CF3CC268200E99DC00F93B83 /* DiscoverAVenue */ = {
			isa = PBXGroup;
			children = (
				CF3CC269200E99DC00F93B83 /* AppDelegate.swift */,
				CF3CC26B200E99DC00F93B83 /* ViewController.swift */,
				CF3CC26D200E99DC00F93B83 /* Main.storyboard */,
				CF3CC270200E99DC00F93B83 /* Assets.xcassets */,
				CF3CC272200E99DC00F93B83 /* LaunchScreen.storyboard */,
				CF3CC275200E99DC00F93B83 /* Info.plist */,
			);
			path = DiscoverAVenue;
			sourceTree = "<group>";
		};
		CF3CC27D200E99DC00F93B83 /* DiscoverAVenueTests */ = {
			isa = PBXGroup;
			children = (
				CF3CC27E200E99DC00F93B83 /* DiscoverAVenueTests.swift */,
				CF3CC280200E99DC00F93B83 /* Info.plist */,
			);
			path = DiscoverAVenueTests;
			sourceTree = "<group>";
		};
		CF3CC288200E99DC00F93B83 /* DiscoverAVenueUITests */ = {
			isa = PBXGroup;
			children = (
				CF3CC289200E99DC00F93B83 /* DiscoverAVenueUITests.swift */,
				CF3CC28B200E99DC00F93B83 /* Info.plist */,
			);
			path = DiscoverAVenueUITests;
			sourceTree = "<group>";
		};
/* End PBXGroup section */

/* Begin PBXNativeTarget section */
		CF3CC265200E99DC00F93B83 /* DiscoverAVenue */ = {
			isa = PBXNativeTarget;
			buildConfigurationList = CF3CC28E200E99DC00F93B83 /* Build configuration list for PBXNativeTarget "DiscoverAVenue" */;
			buildPhases = (
				CF3CC262200E99DC00F93B83 /* Sources */,
				CF3CC263200E99DC00F93B83 /* Frameworks */,
				CF3CC264200E99DC00F93B83 /* Resources */,
			);
			buildRules = (
			);
			dependencies = (
			);
			name = DiscoverAVenue;
			productName = DiscoverAVenue;
			productReference = CF3CC266200E99DC00F93B83 /* DiscoverAVenue.app */;
			productType = "com.apple.product-type.application";
		};
		CF3CC279200E99DC00F93B83 /* DiscoverAVenueTests */ = {
			isa = PBXNativeTarget;
			buildConfigurationList = CF3CC291200E99DC00F93B83 /* Build configuration list for PBXNativeTarget "DiscoverAVenueTests" */;
			buildPhases = (
				CF3CC276200E99DC00F93B83 /* Sources */,
				CF3CC277200E99DC00F93B83 /* Frameworks */,
				CF3CC278200E99DC00F93B83 /* Resources */,
			);
			buildRules = (
			);
			dependencies = (
				CF3CC27C200E99DC00F93B83 /* PBXTargetDependency */,
			);
			name = DiscoverAVenueTests;
			productName = DiscoverAVenueTests;
			productReference = CF3CC27A200E99DC00F93B83 /* DiscoverAVenueTests.xctest */;
			productType = "com.apple.product-type.bundle.unit-test";
		};
		CF3CC284200E99DC00F93B83 /* DiscoverAVenueUITests */ = {
			isa = PBXNativeTarget;
			buildConfigurationList = CF3CC294200E99DC00F93B83 /* Build configuration list for PBXNativeTarget "DiscoverAVenueUITests" */;
			buildPhases = (
				CF3CC281200E99DC00F93B83 /* Sources */,
				CF3CC282200E99DC00F93B83 /* Frameworks */,
				CF3CC283200E99DC00F93B83 /* Resources */,
			);
			buildRules = (
			);
			dependencies = (
				CF3CC287200E99DC00F93B83 /* PBXTargetDependency */,
			);
			name = DiscoverAVenueUITests;
			productName = DiscoverAVenueUITests;
			productReference = CF3CC285200E99DC00F93B83 /* DiscoverAVenueUITests.xctest */;
			productType = "com.apple.product-type.bundle.ui-testing";
		};
/* End PBXNativeTarget section */

/* Begin PBXProject section */
		CF3CC25E200E99DC00F93B83 /* Project object */ = {
			isa = PBXProject;
			attributes = {
				LastSwiftUpdateCheck = 0900;
				LastUpgradeCheck = 0900;
				ORGANIZATIONNAME = "Caroline Cruz";
				TargetAttributes = {
					CF3CC265200E99DC00F93B83 = {
						CreatedOnToolsVersion = 9.0;
						ProvisioningStyle = Automatic;
					};
					CF3CC279200E99DC00F93B83 = {
						CreatedOnToolsVersion = 9.0;
						ProvisioningStyle = Automatic;
						TestTargetID = CF3CC265200E99DC00F93B83;
					};
					CF3CC284200E99DC00F93B83 = {
						CreatedOnToolsVersion = 9.0;
						ProvisioningStyle = Automatic;
						TestTargetID = CF3CC265200E99DC00F93B83;
					};
				};
			};
			buildConfigurationList = CF3CC261200E99DC00F93B83 /* Build configuration list for PBXProject "DiscoverAVenue" */;
			compatibilityVersion = "Xcode 8.0";
			developmentRegion = en;
			hasScannedForEncodings = 0;
			knownRegions = (
				en,
				Base,
			);
			mainGroup = CF3CC25D200E99DC00F93B83;
			productRefGroup = CF3CC267200E99DC00F93B83 /* Products */;
			projectDirPath = "";
			projectRoot = "";
			targets = (
				CF3CC265200E99DC00F93B83 /* DiscoverAVenue */,
				CF3CC279200E99DC00F93B83 /* DiscoverAVenueTests */,
				CF3CC284200E99DC00F93B83 /* DiscoverAVenueUITests */,
			);
		};
/* End PBXProject section */

/* Begin PBXResourcesBuildPhase section */
		CF3CC264200E99DC00F93B83 /* Resources */ = {
			isa = PBXResourcesBuildPhase;
			buildActionMask = 2147483647;
			files = (
				CF3CC274200E99DC00F93B83 /* LaunchScreen.storyboard in Resources */,
				CF3CC271200E99DC00F93B83 /* Assets.xcassets in Resources */,
				CF3CC26F200E99DC00F93B83 /* Main.storyboard in Resources */,
			);
			runOnlyForDeploymentPostprocessing = 0;
		};
		CF3CC278200E99DC00F93B83 /* Resources */ = {
			isa = PBXResourcesBuildPhase;
			buildActionMask = 2147483647;
			files = (
			);
			runOnlyForDeploymentPostprocessing = 0;
		};
		CF3CC283200E99DC00F93B83 /* Resources */ = {
			isa = PBXResourcesBuildPhase;
			buildActionMask = 2147483647;
			files = (
			);
			runOnlyForDeploymentPostprocessing = 0;
		};
/* End PBXResourcesBuildPhase section */

/* Begin PBXSourcesBuildPhase section */
		CF3CC262200E99DC00F93B83 /* Sources */ = {
			isa = PBXSourcesBuildPhase;
			buildActionMask = 2147483647;
			files = (
				CF3CC26C200E99DC00F93B83 /* ViewController.swift in Sources */,
				CF3CC26A200E99DC00F93B83 /* AppDelegate.swift in Sources */,
			);
			runOnlyForDeploymentPostprocessing = 0;
		};
		CF3CC276200E99DC00F93B83 /* Sources */ = {
			isa = PBXSourcesBuildPhase;
			buildActionMask = 2147483647;
			files = (
				CF3CC27F200E99DC00F93B83 /* DiscoverAVenueTests.swift in Sources */,
			);
			runOnlyForDeploymentPostprocessing = 0;
		};
		CF3CC281200E99DC00F93B83 /* Sources */ = {
			isa = PBXSourcesBuildPhase;
			buildActionMask = 2147483647;
			files = (
				CF3CC28A200E99DC00F93B83 /* DiscoverAVenueUITests.swift in Sources */,
			);
			runOnlyForDeploymentPostprocessing = 0;
		};
/* End PBXSourcesBuildPhase section */

/* Begin PBXTargetDependency section */
		CF3CC27C200E99DC00F93B83 /* PBXTargetDependency */ = {
			isa = PBXTargetDependency;
			target = CF3CC265200E99DC00F93B83 /* DiscoverAVenue */;
			targetProxy = CF3CC27B200E99DC00F93B83 /* PBXContainerItemProxy */;
		};
		CF3CC287200E99DC00F93B83 /* PBXTargetDependency */ = {
			isa = PBXTargetDependency;
			target = CF3CC265200E99DC00F93B83 /* DiscoverAVenue */;
			targetProxy = CF3CC286200E99DC00F93B83 /* PBXContainerItemProxy */;
		};
/* End PBXTargetDependency section */

/* Begin PBXVariantGroup section */
		CF3CC26D200E99DC00F93B83 /* Main.storyboard */ = {
			isa = PBXVariantGroup;
			children = (
				CF3CC26E200E99DC00F93B83 /* Base */,
			);
			name = Main.storyboard;
			sourceTree = "<group>";
		};
		CF3CC272200E99DC00F93B83 /* LaunchScreen.storyboard */ = {
			isa = PBXVariantGroup;
			children = (
				CF3CC273200E99DC00F93B83 /* Base */,
			);
			name = LaunchScreen.storyboard;
			sourceTree = "<group>";
		};
/* End PBXVariantGroup section */

/* Begin XCBuildConfiguration section */
		CF3CC28C200E99DC00F93B83 /* Debug */ = {
			isa = XCBuildConfiguration;
			buildSettings = {
				ALWAYS_SEARCH_USER_PATHS = NO;
				CLANG_ANALYZER_NONNULL = YES;
				CLANG_ANALYZER_NUMBER_OBJECT_CONVERSION = YES_AGGRESSIVE;
				CLANG_CXX_LANGUAGE_STANDARD = "gnu++14";
				CLANG_CXX_LIBRARY = "libc++";
				CLANG_ENABLE_MODULES = YES;
				CLANG_ENABLE_OBJC_ARC = YES;
				CLANG_WARN_BLOCK_CAPTURE_AUTORELEASING = YES;
				CLANG_WARN_BOOL_CONVERSION = YES;
				CLANG_WARN_COMMA = YES;
				CLANG_WARN_CONSTANT_CONVERSION = YES;
				CLANG_WARN_DIRECT_OBJC_ISA_USAGE = YES_ERROR;
				CLANG_WARN_DOCUMENTATION_COMMENTS = YES;
				CLANG_WARN_EMPTY_BODY = YES;
				CLANG_WARN_ENUM_CONVERSION = YES;
				CLANG_WARN_INFINITE_RECURSION = YES;
				CLANG_WARN_INT_CONVERSION = YES;
				CLANG_WARN_NON_LITERAL_NULL_CONVERSION = YES;
				CLANG_WARN_OBJC_LITERAL_CONVERSION = YES;
				CLANG_WARN_OBJC_ROOT_CLASS = YES_ERROR;
				CLANG_WARN_RANGE_LOOP_ANALYSIS = YES;
				CLANG_WARN_STRICT_PROTOTYPES = YES;
				CLANG_WARN_SUSPICIOUS_MOVE = YES;
				CLANG_WARN_UNGUARDED_AVAILABILITY = YES_AGGRESSIVE;
				CLANG_WARN_UNREACHABLE_CODE = YES;
				CLANG_WARN__DUPLICATE_METHOD_MATCH = YES;
				CODE_SIGN_IDENTITY = "iPhone Developer";
				COPY_PHASE_STRIP = NO;
				DEBUG_INFORMATION_FORMAT = dwarf;
				ENABLE_STRICT_OBJC_MSGSEND = YES;
				ENABLE_TESTABILITY = YES;
				GCC_C_LANGUAGE_STANDARD = gnu11;
				GCC_DYNAMIC_NO_PIC = NO;
				GCC_NO_COMMON_BLOCKS = YES;
				GCC_OPTIMIZATION_LEVEL = 0;
				GCC_PREPROCESSOR_DEFINITIONS = (
					"DEBUG=1",
					"$(inherited)",
				);
				GCC_WARN_64_TO_32_BIT_CONVERSION = YES;
				GCC_WARN_ABOUT_RETURN_TYPE = YES_ERROR;
				GCC_WARN_UNDECLARED_SELECTOR = YES;
				GCC_WARN_UNINITIALIZED_AUTOS = YES_AGGRESSIVE;
				GCC_WARN_UNUSED_FUNCTION = YES;
				GCC_WARN_UNUSED_VARIABLE = YES;
				IPHONEOS_DEPLOYMENT_TARGET = 11.0;
				MTL_ENABLE_DEBUG_INFO = YES;
				ONLY_ACTIVE_ARCH = YES;
				SDKROOT = iphoneos;
				SWIFT_ACTIVE_COMPILATION_CONDITIONS = DEBUG;
				SWIFT_OPTIMIZATION_LEVEL = "-Onone";
			};
			name = Debug;
		};
		CF3CC28D200E99DC00F93B83 /* Release */ = {
			isa = XCBuildConfiguration;
			buildSettings = {
				ALWAYS_SEARCH_USER_PATHS = NO;
				CLANG_ANALYZER_NONNULL = YES;
				CLANG_ANALYZER_NUMBER_OBJECT_CONVERSION = YES_AGGRESSIVE;
				CLANG_CXX_LANGUAGE_STANDARD = "gnu++14";
				CLANG_CXX_LIBRARY = "libc++";
				CLANG_ENABLE_MODULES = YES;
				CLANG_ENABLE_OBJC_ARC = YES;
				CLANG_WARN_BLOCK_CAPTURE_AUTORELEASING = YES;
				CLANG_WARN_BOOL_CONVERSION = YES;
				CLANG_WARN_COMMA = YES;
				CLANG_WARN_CONSTANT_CONVERSION = YES;
				CLANG_WARN_DIRECT_OBJC_ISA_USAGE = YES_ERROR;
				CLANG_WARN_DOCUMENTATION_COMMENTS = YES;
				CLANG_WARN_EMPTY_BODY = YES;
				CLANG_WARN_ENUM_CONVERSION = YES;
				CLANG_WARN_INFINITE_RECURSION = YES;
				CLANG_WARN_INT_CONVERSION = YES;
				CLANG_WARN_NON_LITERAL_NULL_CONVERSION = YES;
				CLANG_WARN_OBJC_LITERAL_CONVERSION = YES;
				CLANG_WARN_OBJC_ROOT_CLASS = YES_ERROR;
				CLANG_WARN_RANGE_LOOP_ANALYSIS = YES;
				CLANG_WARN_STRICT_PROTOTYPES = YES;
				CLANG_WARN_SUSPICIOUS_MOVE = YES;
				CLANG_WARN_UNGUARDED_AVAILABILITY = YES_AGGRESSIVE;
				CLANG_WARN_UNREACHABLE_CODE = YES;
				CLANG_WARN__DUPLICATE_METHOD_MATCH = YES;
				CODE_SIGN_IDENTITY = "iPhone Developer";
				COPY_PHASE_STRIP = NO;
				DEBUG_INFORMATION_FORMAT = "dwarf-with-dsym";
				ENABLE_NS_ASSERTIONS = NO;
				ENABLE_STRICT_OBJC_MSGSEND = YES;
				GCC_C_LANGUAGE_STANDARD = gnu11;
				GCC_NO_COMMON_BLOCKS = YES;
				GCC_WARN_64_TO_32_BIT_CONVERSION = YES;
				GCC_WARN_ABOUT_RETURN_TYPE = YES_ERROR;
				GCC_WARN_UNDECLARED_SELECTOR = YES;
				GCC_WARN_UNINITIALIZED_AUTOS = YES_AGGRESSIVE;
				GCC_WARN_UNUSED_FUNCTION = YES;
				GCC_WARN_UNUSED_VARIABLE = YES;
				IPHONEOS_DEPLOYMENT_TARGET = 11.0;
				MTL_ENABLE_DEBUG_INFO = NO;
				SDKROOT = iphoneos;
				SWIFT_OPTIMIZATION_LEVEL = "-Owholemodule";
				VALIDATE_PRODUCT = YES;
			};
			name = Release;
		};
		CF3CC28F200E99DC00F93B83 /* Debug */ = {
			isa = XCBuildConfiguration;
			buildSettings = {
				ASSETCATALOG_COMPILER_APPICON_NAME = AppIcon;
				CODE_SIGN_STYLE = Automatic;
				DEVELOPMENT_TEAM = GFTDT2D84K;
				INFOPLIST_FILE = DiscoverAVenue/Info.plist;
				LD_RUNPATH_SEARCH_PATHS = "$(inherited) @executable_path/Frameworks";
				PRODUCT_BUNDLE_IDENTIFIER = xcode.DiscoverAVenue;
				PRODUCT_NAME = "$(TARGET_NAME)";
				SWIFT_VERSION = 4.0;
				TARGETED_DEVICE_FAMILY = "1,2";
			};
			name = Debug;
		};
		CF3CC290200E99DC00F93B83 /* Release */ = {
			isa = XCBuildConfiguration;
			buildSettings = {
				ASSETCATALOG_COMPILER_APPICON_NAME = AppIcon;
				CODE_SIGN_STYLE = Automatic;
				DEVELOPMENT_TEAM = GFTDT2D84K;
				INFOPLIST_FILE = DiscoverAVenue/Info.plist;
				LD_RUNPATH_SEARCH_PATHS = "$(inherited) @executable_path/Frameworks";
				PRODUCT_BUNDLE_IDENTIFIER = xcode.DiscoverAVenue;
				PRODUCT_NAME = "$(TARGET_NAME)";
				SWIFT_VERSION = 4.0;
				TARGETED_DEVICE_FAMILY = "1,2";
			};
			name = Release;
		};
		CF3CC292200E99DC00F93B83 /* Debug */ = {
			isa = XCBuildConfiguration;
			buildSettings = {
				ALWAYS_EMBED_SWIFT_STANDARD_LIBRARIES = YES;
				BUNDLE_LOADER = "$(TEST_HOST)";
				CODE_SIGN_STYLE = Automatic;
				DEVELOPMENT_TEAM = GFTDT2D84K;
				INFOPLIST_FILE = DiscoverAVenueTests/Info.plist;
				LD_RUNPATH_SEARCH_PATHS = "$(inherited) @executable_path/Frameworks @loader_path/Frameworks";
				PRODUCT_BUNDLE_IDENTIFIER = xcode.DiscoverAVenueTests;
				PRODUCT_NAME = "$(TARGET_NAME)";
				SWIFT_VERSION = 4.0;
				TARGETED_DEVICE_FAMILY = "1,2";
				TEST_HOST = "$(BUILT_PRODUCTS_DIR)/DiscoverAVenue.app/DiscoverAVenue";
			};
			name = Debug;
		};
		CF3CC293200E99DC00F93B83 /* Release */ = {
			isa = XCBuildConfiguration;
			buildSettings = {
				ALWAYS_EMBED_SWIFT_STANDARD_LIBRARIES = YES;
				BUNDLE_LOADER = "$(TEST_HOST)";
				CODE_SIGN_STYLE = Automatic;
				DEVELOPMENT_TEAM = GFTDT2D84K;
				INFOPLIST_FILE = DiscoverAVenueTests/Info.plist;
				LD_RUNPATH_SEARCH_PATHS = "$(inherited) @executable_path/Frameworks @loader_path/Frameworks";
				PRODUCT_BUNDLE_IDENTIFIER = xcode.DiscoverAVenueTests;
				PRODUCT_NAME = "$(TARGET_NAME)";
				SWIFT_VERSION = 4.0;
				TARGETED_DEVICE_FAMILY = "1,2";
				TEST_HOST = "$(BUILT_PRODUCTS_DIR)/DiscoverAVenue.app/DiscoverAVenue";
			};
			name = Release;
		};
		CF3CC295200E99DC00F93B83 /* Debug */ = {
			isa = XCBuildConfiguration;
			buildSettings = {
				ALWAYS_EMBED_SWIFT_STANDARD_LIBRARIES = YES;
				CODE_SIGN_STYLE = Automatic;
				DEVELOPMENT_TEAM = GFTDT2D84K;
				INFOPLIST_FILE = DiscoverAVenueUITests/Info.plist;
				LD_RUNPATH_SEARCH_PATHS = "$(inherited) @executable_path/Frameworks @loader_path/Frameworks";
				PRODUCT_BUNDLE_IDENTIFIER = xcode.DiscoverAVenueUITests;
				PRODUCT_NAME = "$(TARGET_NAME)";
				SWIFT_VERSION = 4.0;
				TARGETED_DEVICE_FAMILY = "1,2";
				TEST_TARGET_NAME = DiscoverAVenue;
			};
			name = Debug;
		};
		CF3CC296200E99DC00F93B83 /* Release */ = {
			isa = XCBuildConfiguration;
			buildSettings = {
				ALWAYS_EMBED_SWIFT_STANDARD_LIBRARIES = YES;
				CODE_SIGN_STYLE = Automatic;
				DEVELOPMENT_TEAM = GFTDT2D84K;
				INFOPLIST_FILE = DiscoverAVenueUITests/Info.plist;
				LD_RUNPATH_SEARCH_PATHS = "$(inherited) @executable_path/Frameworks @loader_path/Frameworks";
				PRODUCT_BUNDLE_IDENTIFIER = xcode.DiscoverAVenueUITests;
				PRODUCT_NAME = "$(TARGET_NAME)";
				SWIFT_VERSION = 4.0;
				TARGETED_DEVICE_FAMILY = "1,2";
				TEST_TARGET_NAME = DiscoverAVenue;
			};
			name = Release;
		};
/* End XCBuildConfiguration section */

/* Begin XCConfigurationList section */
		CF3CC261200E99DC00F93B83 /* Build configuration list for PBXProject "DiscoverAVenue" */ = {
			isa = XCConfigurationList;
			buildConfigurations = (
				CF3CC28C200E99DC00F93B83 /* Debug */,
				CF3CC28D200E99DC00F93B83 /* Release */,
			);
			defaultConfigurationIsVisible = 0;
			defaultConfigurationName = Release;
		};
		CF3CC28E200E99DC00F93B83 /* Build configuration list for PBXNativeTarget "DiscoverAVenue" */ = {
			isa = XCConfigurationList;
			buildConfigurations = (
				CF3CC28F200E99DC00F93B83 /* Debug */,
				CF3CC290200E99DC00F93B83 /* Release */,
			);
			defaultConfigurationIsVisible = 0;
			defaultConfigurationName = Release;
		};
		CF3CC291200E99DC00F93B83 /* Build configuration list for PBXNativeTarget "DiscoverAVenueTests" */ = {
			isa = XCConfigurationList;
			buildConfigurations = (
				CF3CC292200E99DC00F93B83 /* Debug */,
				CF3CC293200E99DC00F93B83 /* Release */,
			);
			defaultConfigurationIsVisible = 0;
			defaultConfigurationName = Release;
		};
		CF3CC294200E99DC00F93B83 /* Build configuration list for PBXNativeTarget "DiscoverAVenueUITests" */ = {
			isa = XCConfigurationList;
			buildConfigurations = (
				CF3CC295200E99DC00F93B83 /* Debug */,
				CF3CC296200E99DC00F93B83 /* Release */,
			);
			defaultConfigurationIsVisible = 0;
			defaultConfigurationName = Release;
		};
/* End XCConfigurationList section */
	};
	rootObject = CF3CC25E200E99DC00F93B83 /* Project object */;
}
